
Microsoft Visual Studio Solution File, Format Version 12.00
# Visual Studio 14
VisualStudioVersion = 14.0.25123.0
MinimumVisualStudioVersion = 10.0.40219.1
Project("{FAE04EC0-301F-11D3-BF4B-00C04F79EFBC}") = "FbGrant", "FbGrant\FbGrant.csproj", "{638BF0AC-785E-4B4F-88CA-35123F8033EC}"
EndProject
Global
	GlobalSection(SolutionConfigurationPlatforms) = preSolution
		Debug|Any CPU = Debug|Any CPU
		Release|Any CPU = Release|Any CPU
	EndGlobalSection
	GlobalSection(ProjectConfigurationPlatforms) = postSolution
		{638BF0AC-785E-4B4F-88CA-35123F8033EC}.Debug|Any CPU.ActiveCfg = Debug|Any CPU
		{638BF0AC-785E-4B4F-88CA-35123F8033EC}.Debug|Any CPU.Build.0 = Debug|Any CPU
		{638BF0AC-785E-4B4F-88CA-35123F8033EC}.Release|Any CPU.ActiveCfg = Release|Any CPU
		{638BF0AC-785E-4B4F-88CA-35123F8033EC}.Release|Any CPU.Build.0 = Release|Any CPU
	EndGlobalSection
	GlobalSection(SolutionProperties) = preSolution
		HideSolutionNode = FALSE
	EndGlobalSection
EndGlobal
